
Microsoft Visual Studio Solution File, Format Version 12.00
# Visual Studio Version 17
VisualStudioVersion = 17.0.31903.59
MinimumVisualStudioVersion = 10.0.40219.1
Project("{2150E333-8FDC-42A3-9474-1A3956D46DE8}") = "src", "src", "{BED0F6B3-AB41-4333-9D5D-8B4C4422BDF9}"
EndProject
Project("{FAE04EC0-301F-11D3-BF4B-00C04F79EFBC}") = "Pairnets.Core", "src\Pairnets.Core\Pairnets.Core.csproj", "{730E6F44-1B47-4333-8C9A-E6B60F41A151}"
EndProject
Project("{FAE04EC0-301F-11D3-BF4B-00C04F79EFBC}") = "Pairnets.Server", "src\Pairnets.Server\Pairnets.Server.csproj", "{1846509A-4E83-40AF-82A3-1B2378F72741}"
EndProject
Project("{FAE04EC0-301F-11D3-BF4B-00C04F79EFBC}") = "Pairnets.Client", "src\Pairnets.Client\Pairnets.Client.csproj", "{C55E6BBE-02B8-48C4-A58A-E9861827AA73}"
EndProject
Project("{2150E333-8FDC-42A3-9474-1A3956D46DE8}") = "tests", "tests", "{0E490874-AAC0-439A-9DD1-3225CD85FA4A}"
EndProject
Project("{FAE04EC0-301F-11D3-BF4B-00C04F79EFBC}") = "Pairnets.Tests", "tests\Pairnets.Tests\Pairnets.Tests.csproj", "{5A3BFFC0-B09F-40A7-BEB0-0796E1786657}"
EndProject
Project("{FAE04EC0-301F-11D3-BF4B-00C04F79EFBC}") = "Pairnets.Desktop", "src\Pairnets.Desktop\Pairnets.Desktop.csproj", "{3C497D24-13A0-4DCA-8CD5-968627846063}"
EndProject
Project("{FAE04EC0-301F-11D3-BF4B-00C04F79EFBC}") = "Pairnets.Browser.Tests", "tests\Pairnets.Browser.Tests\Pairnets.Browser.Tests.csproj", "{8C72F0AA-EE3A-4AB2-B8FD-63EA537D9199}"
EndProject
Global
	GlobalSection(SolutionConfigurationPlatforms) = preSolution
		Debug|Any CPU = Debug|Any CPU
		Release|Any CPU = Release|Any CPU
	EndGlobalSection
	GlobalSection(SolutionProperties) = preSolution
		HideSolutionNode = FALSE
	EndGlobalSection
	GlobalSection(ProjectConfigurationPlatforms) = postSolution
		{730E6F44-1B47-4333-8C9A-E6B60F41A151}.Debug|Any CPU.ActiveCfg = Debug|Any CPU
		{730E6F44-1B47-4333-8C9A-E6B60F41A151}.Debug|Any CPU.Build.0 = Debug|Any CPU
		{730E6F44-1B47-4333-8C9A-E6B60F41A151}.Release|Any CPU.ActiveCfg = Release|Any CPU
		{730E6F44-1B47-4333-8C9A-E6B60F41A151}.Release|Any CPU.Build.0 = Release|Any CPU
		{1846509A-4E83-40AF-82A3-1B2378F72741}.Debug|Any CPU.ActiveCfg = Debug|Any CPU
		{1846509A-4E83-40AF-82A3-1B2378F72741}.Debug|Any CPU.Build.0 = Debug|Any CPU
		{1846509A-4E83-40AF-82A3-1B2378F72741}.Release|Any CPU.ActiveCfg = Release|Any CPU
		{1846509A-4E83-40AF-82A3-1B2378F72741}.Release|Any CPU.Build.0 = Release|Any CPU
		{C55E6BBE-02B8-48C4-A58A-E9861827AA73}.Debug|Any CPU.ActiveCfg = Debug|Any CPU
		{C55E6BBE-02B8-48C4-A58A-E9861827AA73}.Debug|Any CPU.Build.0 = Debug|Any CPU
		{C55E6BBE-02B8-48C4-A58A-E9861827AA73}.Release|Any CPU.ActiveCfg = Release|Any CPU
		{C55E6BBE-02B8-48C4-A58A-E9861827AA73}.Release|Any CPU.Build.0 = Release|Any CPU
		{5A3BFFC0-B09F-40A7-BEB0-0796E1786657}.Debug|Any CPU.ActiveCfg = Debug|Any CPU
		{5A3BFFC0-B09F-40A7-BEB0-0796E1786657}.Debug|Any CPU.Build.0 = Debug|Any CPU
		{5A3BFFC0-B09F-40A7-BEB0-0796E1786657}.Release|Any CPU.ActiveCfg = Release|Any CPU
		{5A3BFFC0-B09F-40A7-BEB0-0796E1786657}.Release|Any CPU.Build.0 = Release|Any CPU
		{3C497D24-13A0-4DCA-8CD5-968627846063}.Debug|Any CPU.ActiveCfg = Debug|Any CPU
		{3C497D24-13A0-4DCA-8CD5-968627846063}.Debug|Any CPU.Build.0 = Debug|Any CPU
		{3C497D24-13A0-4DCA-8CD5-968627846063}.Release|Any CPU.ActiveCfg = Release|Any CPU
		{3C497D24-13A0-4DCA-8CD5-968627846063}.Release|Any CPU.Build.0 = Release|Any CPU
		{8C72F0AA-EE3A-4AB2-B8FD-63EA537D9199}.Debug|Any CPU.ActiveCfg = Debug|Any CPU
		{8C72F0AA-EE3A-4AB2-B8FD-63EA537D9199}.Debug|Any CPU.Build.0 = Debug|Any CPU
		{8C72F0AA-EE3A-4AB2-B8FD-63EA537D9199}.Release|Any CPU.ActiveCfg = Release|Any CPU
		{8C72F0AA-EE3A-4AB2-B8FD-63EA537D9199}.Release|Any CPU.Build.0 = Release|Any CPU
	EndGlobalSection
	GlobalSection(NestedProjects) = preSolution
		{730E6F44-1B47-4333-8C9A-E6B60F41A151} = {BED0F6B3-AB41-4333-9D5D-8B4C4422BDF9}
		{1846509A-4E83-40AF-82A3-1B2378F72741} = {BED0F6B3-AB41-4333-9D5D-8B4C4422BDF9}
		{C55E6BBE-02B8-48C4-A58A-E9861827AA73} = {BED0F6B3-AB41-4333-9D5D-8B4C4422BDF9}
		{5A3BFFC0-B09F-40A7-BEB0-0796E1786657} = {0E490874-AAC0-439A-9DD1-3225CD85FA4A}
		{3C497D24-13A0-4DCA-8CD5-968627846063} = {BED0F6B3-AB41-4333-9D5D-8B4C4422BDF9}
		{8C72F0AA-EE3A-4AB2-B8FD-63EA537D9199} = {0E490874-AAC0-439A-9DD1-3225CD85FA4A}
	EndGlobalSection
EndGlobal
